// !$*UTF8*$!
{
	archiveVersion = 1;
	classes = {
	};
	objectVersion = 48;
	objects = {

/* Begin PBXBuildFile section */
		32F2DD56088BAA6E7C1B5493 /* Pods_evys.framework in Frameworks */ = {isa = PBXBuildFile; fileRef = 328DC2FFD1FACF0FE00B7DFB /* Pods_evys.framework */; };
		3A0ADB062086B22F00A2A65C /* ThemesViewController.swift in Sources */ = {isa = PBXBuildFile; fileRef = 3A0ADB052086B22F00A2A65C /* ThemesViewController.swift */; };
		3A791C122086BB2400790251 /* ThemeModel.swift in Sources */ = {isa = PBXBuildFile; fileRef = 3A791C112086BB2400790251 /* ThemeModel.swift */; };
		3A791C9C20876DA400790251 /* ErrorModel.swift in Sources */ = {isa = PBXBuildFile; fileRef = 3A791C9B20876DA400790251 /* ErrorModel.swift */; };
		3A791C9E2087757800790251 /* ThemesViewModel.swift in Sources */ = {isa = PBXBuildFile; fileRef = 3A791C9D2087757800790251 /* ThemesViewModel.swift */; };
		3A791CA0208777B400790251 /* ThemesCollectionViewCell.swift in Sources */ = {isa = PBXBuildFile; fileRef = 3A791C9F208777B400790251 /* ThemesCollectionViewCell.swift */; };
		3A791CA220877D7200790251 /* BaseResponse.swift in Sources */ = {isa = PBXBuildFile; fileRef = 3A791CA120877D7200790251 /* BaseResponse.swift */; };
		3A791CA52087B64100790251 /* GoogleService-Info.plist in Resources */ = {isa = PBXBuildFile; fileRef = 3A791CA42087B64100790251 /* GoogleService-Info.plist */; };
		3A791CF42089294C00790251 /* CollectionViewExtension.swift in Sources */ = {isa = PBXBuildFile; fileRef = 3A791CF32089294C00790251 /* CollectionViewExtension.swift */; };
		3A791CF62089350E00790251 /* PreTestViewController.swift in Sources */ = {isa = PBXBuildFile; fileRef = 3A791CF52089350E00790251 /* PreTestViewController.swift */; };
		3AD7148920816A2700BF1A3F /* AppDelegate.swift in Sources */ = {isa = PBXBuildFile; fileRef = 3AD7148820816A2700BF1A3F /* AppDelegate.swift */; };
		3AD7148B20816A2700BF1A3F /* ViewController.swift in Sources */ = {isa = PBXBuildFile; fileRef = 3AD7148A20816A2700BF1A3F /* ViewController.swift */; };
		3AD7148E20816A2700BF1A3F /* Main.storyboard in Resources */ = {isa = PBXBuildFile; fileRef = 3AD7148C20816A2700BF1A3F /* Main.storyboard */; };
		3AD7149320816A2700BF1A3F /* LaunchScreen.storyboard in Resources */ = {isa = PBXBuildFile; fileRef = 3AD7149120816A2700BF1A3F /* LaunchScreen.storyboard */; };
		3AD7149B20816D2700BF1A3F /* Assets.xcassets in Resources */ = {isa = PBXBuildFile; fileRef = 3AD7149A20816D2700BF1A3F /* Assets.xcassets */; };
		3AD7149E20819BC300BF1A3F /* PersistenceManager.swift in Sources */ = {isa = PBXBuildFile; fileRef = 3AD7149D20819BC300BF1A3F /* PersistenceManager.swift */; };
		3AD714A22081A03500BF1A3F /* APIProvider.swift in Sources */ = {isa = PBXBuildFile; fileRef = 3AD714A12081A03500BF1A3F /* APIProvider.swift */; };
		3AD714A42081AFC900BF1A3F /* AuthModel.swift in Sources */ = {isa = PBXBuildFile; fileRef = 3AD714A32081AFC900BF1A3F /* AuthModel.swift */; };
		3AD714A82082243000BF1A3F /* MainViewController.swift in Sources */ = {isa = PBXBuildFile; fileRef = 3AD714A72082243000BF1A3F /* MainViewController.swift */; };
		3AD714AA2082252800BF1A3F /* LoginViewController.swift in Sources */ = {isa = PBXBuildFile; fileRef = 3AD714A92082252800BF1A3F /* LoginViewController.swift */; };
		3AD714AD20822F2C00BF1A3F /* CodeViewController.swift in Sources */ = {isa = PBXBuildFile; fileRef = 3AD714AC20822F2C00BF1A3F /* CodeViewController.swift */; };
		3AD714AF2082A9D400BF1A3F /* CoursesViewController.swift in Sources */ = {isa = PBXBuildFile; fileRef = 3AD714AE2082A9D300BF1A3F /* CoursesViewController.swift */; };
		3AD714B12082ABEC00BF1A3F /* Course.swift in Sources */ = {isa = PBXBuildFile; fileRef = 3AD714B02082ABEC00BF1A3F /* Course.swift */; };
		3AD714B42082B04E00BF1A3F /* CourseTableViewCell.swift in Sources */ = {isa = PBXBuildFile; fileRef = 3AD714B32082B04E00BF1A3F /* CourseTableViewCell.swift */; };
		3AD714B62082B5F000BF1A3F /* CoursesViewModel.swift in Sources */ = {isa = PBXBuildFile; fileRef = 3AD714B52082B5F000BF1A3F /* CoursesViewModel.swift */; };
/* End PBXBuildFile section */

/* Begin PBXFileReference section */
		328DC2FFD1FACF0FE00B7DFB /* Pods_evys.framework */ = {isa = PBXFileReference; explicitFileType = wrapper.framework; includeInIndex = 0; path = Pods_evys.framework; sourceTree = BUILT_PRODUCTS_DIR; };
		3A0ADB052086B22F00A2A65C /* ThemesViewController.swift */ = {isa = PBXFileReference; lastKnownFileType = sourcecode.swift; path = ThemesViewController.swift; sourceTree = "<group>"; };
		3A791C112086BB2400790251 /* ThemeModel.swift */ = {isa = PBXFileReference; lastKnownFileType = sourcecode.swift; path = ThemeModel.swift; sourceTree = "<group>"; };
		3A791C9B20876DA400790251 /* ErrorModel.swift */ = {isa = PBXFileReference; lastKnownFileType = sourcecode.swift; path = ErrorModel.swift; sourceTree = "<group>"; };
		3A791C9D2087757800790251 /* ThemesViewModel.swift */ = {isa = PBXFileReference; lastKnownFileType = sourcecode.swift; path = ThemesViewModel.swift; sourceTree = "<group>"; };
		3A791C9F208777B400790251 /* ThemesCollectionViewCell.swift */ = {isa = PBXFileReference; lastKnownFileType = sourcecode.swift; path = ThemesCollectionViewCell.swift; sourceTree = "<group>"; };
		3A791CA120877D7200790251 /* BaseResponse.swift */ = {isa = PBXFileReference; lastKnownFileType = sourcecode.swift; path = BaseResponse.swift; sourceTree = "<group>"; };
		3A791CA42087B64100790251 /* GoogleService-Info.plist */ = {isa = PBXFileReference; fileEncoding = 4; lastKnownFileType = text.plist.xml; path = "GoogleService-Info.plist"; sourceTree = "<group>"; };
		3A791CA62087B6A000790251 /* evys.entitlements */ = {isa = PBXFileReference; lastKnownFileType = text.plist.entitlements; path = evys.entitlements; sourceTree = "<group>"; };
		3A791CF32089294C00790251 /* CollectionViewExtension.swift */ = {isa = PBXFileReference; lastKnownFileType = sourcecode.swift; path = CollectionViewExtension.swift; sourceTree = "<group>"; };
		3A791CF52089350E00790251 /* PreTestViewController.swift */ = {isa = PBXFileReference; lastKnownFileType = sourcecode.swift; path = PreTestViewController.swift; sourceTree = "<group>"; };
		3AD7148520816A2700BF1A3F /* evys.app */ = {isa = PBXFileReference; explicitFileType = wrapper.application; includeInIndex = 0; path = evys.app; sourceTree = BUILT_PRODUCTS_DIR; };
		3AD7148820816A2700BF1A3F /* AppDelegate.swift */ = {isa = PBXFileReference; lastKnownFileType = sourcecode.swift; path = AppDelegate.swift; sourceTree = "<group>"; };
		3AD7148A20816A2700BF1A3F /* ViewController.swift */ = {isa = PBXFileReference; lastKnownFileType = sourcecode.swift; path = ViewController.swift; sourceTree = "<group>"; };
		3AD7148D20816A2700BF1A3F /* Base */ = {isa = PBXFileReference; lastKnownFileType = file.storyboard; name = Base; path = Base.lproj/Main.storyboard; sourceTree = "<group>"; };
		3AD7149220816A2700BF1A3F /* Base */ = {isa = PBXFileReference; lastKnownFileType = file.storyboard; name = Base; path = Base.lproj/LaunchScreen.storyboard; sourceTree = "<group>"; };
		3AD7149420816A2700BF1A3F /* Info.plist */ = {isa = PBXFileReference; lastKnownFileType = text.plist.xml; path = Info.plist; sourceTree = "<group>"; };
		3AD7149A20816D2700BF1A3F /* Assets.xcassets */ = {isa = PBXFileReference; lastKnownFileType = folder.assetcatalog; path = Assets.xcassets; sourceTree = "<group>"; };
		3AD7149D20819BC300BF1A3F /* PersistenceManager.swift */ = {isa = PBXFileReference; lastKnownFileType = sourcecode.swift; path = PersistenceManager.swift; sourceTree = "<group>"; };
		3AD714A12081A03500BF1A3F /* APIProvider.swift */ = {isa = PBXFileReference; lastKnownFileType = sourcecode.swift; path = APIProvider.swift; sourceTree = "<group>"; };
		3AD714A32081AFC900BF1A3F /* AuthModel.swift */ = {isa = PBXFileReference; lastKnownFileType = sourcecode.swift; path = AuthModel.swift; sourceTree = "<group>"; };
		3AD714A72082243000BF1A3F /* MainViewController.swift */ = {isa = PBXFileReference; lastKnownFileType = sourcecode.swift; path = MainViewController.swift; sourceTree = "<group>"; };
		3AD714A92082252800BF1A3F /* LoginViewController.swift */ = {isa = PBXFileReference; lastKnownFileType = sourcecode.swift; path = LoginViewController.swift; sourceTree = "<group>"; };
		3AD714AC20822F2C00BF1A3F /* CodeViewController.swift */ = {isa = PBXFileReference; lastKnownFileType = sourcecode.swift; path = CodeViewController.swift; sourceTree = "<group>"; };
		3AD714AE2082A9D300BF1A3F /* CoursesViewController.swift */ = {isa = PBXFileReference; lastKnownFileType = sourcecode.swift; path = CoursesViewController.swift; sourceTree = "<group>"; };
		3AD714B02082ABEC00BF1A3F /* Course.swift */ = {isa = PBXFileReference; lastKnownFileType = sourcecode.swift; path = Course.swift; sourceTree = "<group>"; };
		3AD714B32082B04E00BF1A3F /* CourseTableViewCell.swift */ = {isa = PBXFileReference; lastKnownFileType = sourcecode.swift; path = CourseTableViewCell.swift; sourceTree = "<group>"; };
		3AD714B52082B5F000BF1A3F /* CoursesViewModel.swift */ = {isa = PBXFileReference; lastKnownFileType = sourcecode.swift; path = CoursesViewModel.swift; sourceTree = "<group>"; };
		3E1773824D74F1A2A53E00BC /* Pods-evys.release.xcconfig */ = {isa = PBXFileReference; includeInIndex = 1; lastKnownFileType = text.xcconfig; name = "Pods-evys.release.xcconfig"; path = "Pods/Target Support Files/Pods-evys/Pods-evys.release.xcconfig"; sourceTree = "<group>"; };
		A0E806F19B4824ED24853AE1 /* Pods-evys.debug.xcconfig */ = {isa = PBXFileReference; includeInIndex = 1; lastKnownFileType = text.xcconfig; name = "Pods-evys.debug.xcconfig"; path = "Pods/Target Support Files/Pods-evys/Pods-evys.debug.xcconfig"; sourceTree = "<group>"; };
/* End PBXFileReference section */

/* Begin PBXFrameworksBuildPhase section */
		3AD7148220816A2700BF1A3F /* Frameworks */ = {
			isa = PBXFrameworksBuildPhase;
			buildActionMask = 2147483647;
			files = (
				32F2DD56088BAA6E7C1B5493 /* Pods_evys.framework in Frameworks */,
			);
			runOnlyForDeploymentPostprocessing = 0;
		};
/* End PBXFrameworksBuildPhase section */

/* Begin PBXGroup section */
		3A791CF22089292200790251 /* extensions */ = {
			isa = PBXGroup;
			children = (
				3A791CF32089294C00790251 /* CollectionViewExtension.swift */,
			);
			path = extensions;
			sourceTree = "<group>";
		};
		3AD7147C20816A2700BF1A3F = {
			isa = PBXGroup;
			children = (
				3AD7148720816A2700BF1A3F /* evys */,
				3AD7148620816A2700BF1A3F /* Products */,
				9DA11419B7871C41B93CE4B1 /* Pods */,
				6E7088CA0E8ACE57AF051FB7 /* Frameworks */,
			);
			sourceTree = "<group>";
		};
		3AD7148620816A2700BF1A3F /* Products */ = {
			isa = PBXGroup;
			children = (
				3AD7148520816A2700BF1A3F /* evys.app */,
			);
			name = Products;
			sourceTree = "<group>";
		};
		3AD7148720816A2700BF1A3F /* evys */ = {
			isa = PBXGroup;
			children = (
				3A791CA62087B6A000790251 /* evys.entitlements */,
				3A791CF22089292200790251 /* extensions */,
				3AD714B22082B02700BF1A3F /* tableViews */,
				3AD714AB208228C100BF1A3F /* viewmodels */,
				3AD714A6208223BF00BF1A3F /* ViewControllers */,
				3AD714A020819FF000BF1A3F /* API */,
				3AD7149F20819FE600BF1A3F /* models */,
				3AD7149C20819B9000BF1A3F /* persistence */,
				3AD7148820816A2700BF1A3F /* AppDelegate.swift */,
				3AD7148A20816A2700BF1A3F /* ViewController.swift */,
				3AD7148C20816A2700BF1A3F /* Main.storyboard */,
				3AD7149120816A2700BF1A3F /* LaunchScreen.storyboard */,
				3AD7149420816A2700BF1A3F /* Info.plist */,
				3A791CA42087B64100790251 /* GoogleService-Info.plist */,
				3AD7149A20816D2700BF1A3F /* Assets.xcassets */,
			);
			path = evys;
			sourceTree = "<group>";
		};
		3AD7149C20819B9000BF1A3F /* persistence */ = {
			isa = PBXGroup;
			children = (
				3AD7149D20819BC300BF1A3F /* PersistenceManager.swift */,
			);
			path = persistence;
			sourceTree = "<group>";
		};
		3AD7149F20819FE600BF1A3F /* models */ = {
			isa = PBXGroup;
			children = (
				3AD714A32081AFC900BF1A3F /* AuthModel.swift */,
				3AD714B02082ABEC00BF1A3F /* Course.swift */,
				3A791C112086BB2400790251 /* ThemeModel.swift */,
				3A791C9B20876DA400790251 /* ErrorModel.swift */,
				3A791CA120877D7200790251 /* BaseResponse.swift */,
			);
			path = models;
			sourceTree = "<group>";
		};
		3AD714A020819FF000BF1A3F /* API */ = {
			isa = PBXGroup;
			children = (
				3AD714A12081A03500BF1A3F /* APIProvider.swift */,
			);
			path = API;
			sourceTree = "<group>";
		};
		3AD714A6208223BF00BF1A3F /* ViewControllers */ = {
			isa = PBXGroup;
			children = (
				3AD714A72082243000BF1A3F /* MainViewController.swift */,
				3AD714A92082252800BF1A3F /* LoginViewController.swift */,
				3AD714AC20822F2C00BF1A3F /* CodeViewController.swift */,
				3AD714AE2082A9D300BF1A3F /* CoursesViewController.swift */,
				3A0ADB052086B22F00A2A65C /* ThemesViewController.swift */,
				3A791CF52089350E00790251 /* PreTestViewController.swift */,
			);
			path = ViewControllers;
			sourceTree = "<group>";
		};
		3AD714AB208228C100BF1A3F /* viewmodels */ = {
			isa = PBXGroup;
			children = (
				3AD714B52082B5F000BF1A3F /* CoursesViewModel.swift */,
				3A791C9D2087757800790251 /* ThemesViewModel.swift */,
			);
			path = viewmodels;
			sourceTree = "<group>";
		};
		3AD714B22082B02700BF1A3F /* tableViews */ = {
			isa = PBXGroup;
			children = (
				3AD714B32082B04E00BF1A3F /* CourseTableViewCell.swift */,
				3A791C9F208777B400790251 /* ThemesCollectionViewCell.swift */,
			);
			path = tableViews;
			sourceTree = "<group>";
		};
		6E7088CA0E8ACE57AF051FB7 /* Frameworks */ = {
			isa = PBXGroup;
			children = (
				328DC2FFD1FACF0FE00B7DFB /* Pods_evys.framework */,
			);
			name = Frameworks;
			sourceTree = "<group>";
		};
		9DA11419B7871C41B93CE4B1 /* Pods */ = {
			isa = PBXGroup;
			children = (
				A0E806F19B4824ED24853AE1 /* Pods-evys.debug.xcconfig */,
				3E1773824D74F1A2A53E00BC /* Pods-evys.release.xcconfig */,
			);
			name = Pods;
			sourceTree = "<group>";
		};
/* End PBXGroup section */

/* Begin PBXNativeTarget section */
		3AD7148420816A2700BF1A3F /* evys */ = {
			isa = PBXNativeTarget;
			buildConfigurationList = 3AD7149720816A2700BF1A3F /* Build configuration list for PBXNativeTarget "evys" */;
			buildPhases = (
				9DDE4604206F916917C07382 /* [CP] Check Pods Manifest.lock */,
				3AD7148120816A2700BF1A3F /* Sources */,
				3AD7148220816A2700BF1A3F /* Frameworks */,
				3AD7148320816A2700BF1A3F /* Resources */,
				E3C1ACF55F8B7A6E344472D5 /* [CP] Embed Pods Frameworks */,
				B9E0D86CEAFEB640806D9F37 /* [CP] Copy Pods Resources */,
			);
			buildRules = (
			);
			dependencies = (
			);
			name = evys;
			productName = evys;
			productReference = 3AD7148520816A2700BF1A3F /* evys.app */;
			productType = "com.apple.product-type.application";
		};
/* End PBXNativeTarget section */

/* Begin PBXProject section */
		3AD7147D20816A2700BF1A3F /* Project object */ = {
			isa = PBXProject;
			attributes = {
				LastSwiftUpdateCheck = 0920;
				LastUpgradeCheck = 0920;
				ORGANIZATIONNAME = "Nikita Zlain";
				TargetAttributes = {
					3AD7148420816A2700BF1A3F = {
						CreatedOnToolsVersion = 9.2;
						ProvisioningStyle = Automatic;
						SystemCapabilities = {
							com.apple.Push = {
								enabled = 1;
							};
						};
					};
				};
			};
			buildConfigurationList = 3AD7148020816A2700BF1A3F /* Build configuration list for PBXProject "evys" */;
			compatibilityVersion = "Xcode 8.0";
			developmentRegion = en;
			hasScannedForEncodings = 0;
			knownRegions = (
				en,
				Base,
			);
			mainGroup = 3AD7147C20816A2700BF1A3F;
			productRefGroup = 3AD7148620816A2700BF1A3F /* Products */;
			projectDirPath = "";
			projectRoot = "";
			targets = (
				3AD7148420816A2700BF1A3F /* evys */,
			);
		};
/* End PBXProject section */

/* Begin PBXResourcesBuildPhase section */
		3AD7148320816A2700BF1A3F /* Resources */ = {
			isa = PBXResourcesBuildPhase;
			buildActionMask = 2147483647;
			files = (
				3AD7149320816A2700BF1A3F /* LaunchScreen.storyboard in Resources */,
				3A791CA52087B64100790251 /* GoogleService-Info.plist in Resources */,
				3AD7149B20816D2700BF1A3F /* Assets.xcassets in Resources */,
				3AD7148E20816A2700BF1A3F /* Main.storyboard in Resources */,
			);
			runOnlyForDeploymentPostprocessing = 0;
		};
/* End PBXResourcesBuildPhase section */

/* Begin PBXShellScriptBuildPhase section */
		9DDE4604206F916917C07382 /* [CP] Check Pods Manifest.lock */ = {
			isa = PBXShellScriptBuildPhase;
			buildActionMask = 2147483647;
			files = (
			);
			inputPaths = (
				"${PODS_PODFILE_DIR_PATH}/Podfile.lock",
				"${PODS_ROOT}/Manifest.lock",
			);
			name = "[CP] Check Pods Manifest.lock";
			outputPaths = (
				"$(DERIVED_FILE_DIR)/Pods-evys-checkManifestLockResult.txt",
			);
			runOnlyForDeploymentPostprocessing = 0;
			shellPath = /bin/sh;
			shellScript = "diff \"${PODS_PODFILE_DIR_PATH}/Podfile.lock\" \"${PODS_ROOT}/Manifest.lock\" > /dev/null\nif [ $? != 0 ] ; then\n    # print error to STDERR\n    echo \"error: The sandbox is not in sync with the Podfile.lock. Run 'pod install' or update your CocoaPods installation.\" >&2\n    exit 1\nfi\n# This output is used by Xcode 'outputs' to avoid re-running this script phase.\necho \"SUCCESS\" > \"${SCRIPT_OUTPUT_FILE_0}\"\n";
			showEnvVarsInLog = 0;
		};
		B9E0D86CEAFEB640806D9F37 /* [CP] Copy Pods Resources */ = {
			isa = PBXShellScriptBuildPhase;
			buildActionMask = 2147483647;
			files = (
			);
			inputPaths = (
			);
			name = "[CP] Copy Pods Resources";
			outputPaths = (
			);
			runOnlyForDeploymentPostprocessing = 0;
			shellPath = /bin/sh;
			shellScript = "\"${SRCROOT}/Pods/Target Support Files/Pods-evys/Pods-evys-resources.sh\"\n";
			showEnvVarsInLog = 0;
		};
		E3C1ACF55F8B7A6E344472D5 /* [CP] Embed Pods Frameworks */ = {
			isa = PBXShellScriptBuildPhase;
			buildActionMask = 2147483647;
			files = (
			);
			inputPaths = (
				"${SRCROOT}/Pods/Target Support Files/Pods-evys/Pods-evys-frameworks.sh",
				"${BUILT_PRODUCTS_DIR}/Alamofire/Alamofire.framework",
				"${BUILT_PRODUCTS_DIR}/BusyNavigationBar/BusyNavigationBar.framework",
				"${BUILT_PRODUCTS_DIR}/GoogleToolboxForMac/GoogleToolboxForMac.framework",
				"${BUILT_PRODUCTS_DIR}/KDInteractiveNavigationController/KDInteractiveNavigationController.framework",
				"${BUILT_PRODUCTS_DIR}/LinearProgressBar/LinearProgressBar.framework",
				"${BUILT_PRODUCTS_DIR}/Protobuf/Protobuf.framework",
				"${BUILT_PRODUCTS_DIR}/RxCocoa/RxCocoa.framework",
				"${BUILT_PRODUCTS_DIR}/RxSwift/RxSwift.framework",
				"${BUILT_PRODUCTS_DIR}/nanopb/nanopb.framework",
			);
			name = "[CP] Embed Pods Frameworks";
			outputPaths = (
				"${TARGET_BUILD_DIR}/${FRAMEWORKS_FOLDER_PATH}/Alamofire.framework",
				"${TARGET_BUILD_DIR}/${FRAMEWORKS_FOLDER_PATH}/BusyNavigationBar.framework",
				"${TARGET_BUILD_DIR}/${FRAMEWORKS_FOLDER_PATH}/GoogleToolboxForMac.framework",
				"${TARGET_BUILD_DIR}/${FRAMEWORKS_FOLDER_PATH}/KDInteractiveNavigationController.framework",
				"${TARGET_BUILD_DIR}/${FRAMEWORKS_FOLDER_PATH}/LinearProgressBar.framework",
				"${TARGET_BUILD_DIR}/${FRAMEWORKS_FOLDER_PATH}/Protobuf.framework",
				"${TARGET_BUILD_DIR}/${FRAMEWORKS_FOLDER_PATH}/RxCocoa.framework",
				"${TARGET_BUILD_DIR}/${FRAMEWORKS_FOLDER_PATH}/RxSwift.framework",
				"${TARGET_BUILD_DIR}/${FRAMEWORKS_FOLDER_PATH}/nanopb.framework",
			);
			runOnlyForDeploymentPostprocessing = 0;
			shellPath = /bin/sh;
			shellScript = "\"${SRCROOT}/Pods/Target Support Files/Pods-evys/Pods-evys-frameworks.sh\"\n";
			showEnvVarsInLog = 0;
		};
/* End PBXShellScriptBuildPhase section */

/* Begin PBXSourcesBuildPhase section */
		3AD7148120816A2700BF1A3F /* Sources */ = {
			isa = PBXSourcesBuildPhase;
			buildActionMask = 2147483647;
			files = (
				3A791C9C20876DA400790251 /* ErrorModel.swift in Sources */,
				3AD714AA2082252800BF1A3F /* LoginViewController.swift in Sources */,
				3A791CF62089350E00790251 /* PreTestViewController.swift in Sources */,
				3A791C9E2087757800790251 /* ThemesViewModel.swift in Sources */,
				3AD7149E20819BC300BF1A3F /* PersistenceManager.swift in Sources */,
				3AD714B12082ABEC00BF1A3F /* Course.swift in Sources */,
				3A0ADB062086B22F00A2A65C /* ThemesViewController.swift in Sources */,
				3AD714A22081A03500BF1A3F /* APIProvider.swift in Sources */,
				3AD7148B20816A2700BF1A3F /* ViewController.swift in Sources */,
				3AD714A82082243000BF1A3F /* MainViewController.swift in Sources */,
				3A791CA220877D7200790251 /* BaseResponse.swift in Sources */,
				3A791C122086BB2400790251 /* ThemeModel.swift in Sources */,
				3A791CF42089294C00790251 /* CollectionViewExtension.swift in Sources */,
				3AD714AD20822F2C00BF1A3F /* CodeViewController.swift in Sources */,
				3AD7148920816A2700BF1A3F /* AppDelegate.swift in Sources */,
				3AD714A42081AFC900BF1A3F /* AuthModel.swift in Sources */,
				3AD714B62082B5F000BF1A3F /* CoursesViewModel.swift in Sources */,
				3AD714AF2082A9D400BF1A3F /* CoursesViewController.swift in Sources */,
				3AD714B42082B04E00BF1A3F /* CourseTableViewCell.swift in Sources */,
				3A791CA0208777B400790251 /* ThemesCollectionViewCell.swift in Sources */,
			);
			runOnlyForDeploymentPostprocessing = 0;
		};
/* End PBXSourcesBuildPhase section */

/* Begin PBXVariantGroup section */
		3AD7148C20816A2700BF1A3F /* Main.storyboard */ = {
			isa = PBXVariantGroup;
			children = (
				3AD7148D20816A2700BF1A3F /* Base */,
			);
			name = Main.storyboard;
			sourceTree = "<group>";
		};
		3AD7149120816A2700BF1A3F /* LaunchScreen.storyboard */ = {
			isa = PBXVariantGroup;
			children = (
				3AD7149220816A2700BF1A3F /* Base */,
			);
			name = LaunchScreen.storyboard;
			sourceTree = "<group>";
		};
/* End PBXVariantGroup section */

/* Begin XCBuildConfiguration section */
		3AD7149520816A2700BF1A3F /* Debug */ = {
			isa = XCBuildConfiguration;
			buildSettings = {
				ALWAYS_SEARCH_USER_PATHS = NO;
				CLANG_ANALYZER_NONNULL = YES;
				CLANG_ANALYZER_NUMBER_OBJECT_CONVERSION = YES_AGGRESSIVE;
				CLANG_CXX_LANGUAGE_STANDARD = "gnu++14";
				CLANG_CXX_LIBRARY = "libc++";
				CLANG_ENABLE_MODULES = YES;
				CLANG_ENABLE_OBJC_ARC = YES;
				CLANG_WARN_BLOCK_CAPTURE_AUTORELEASING = YES;
				CLANG_WARN_BOOL_CONVERSION = YES;
				CLANG_WARN_COMMA = YES;
				CLANG_WARN_CONSTANT_CONVERSION = YES;
				CLANG_WARN_DIRECT_OBJC_ISA_USAGE = YES_ERROR;
				CLANG_WARN_DOCUMENTATION_COMMENTS = YES;
				CLANG_WARN_EMPTY_BODY = YES;
				CLANG_WARN_ENUM_CONVERSION = YES;
				CLANG_WARN_INFINITE_RECURSION = YES;
				CLANG_WARN_INT_CONVERSION = YES;
				CLANG_WARN_NON_LITERAL_NULL_CONVERSION = YES;
				CLANG_WARN_OBJC_LITERAL_CONVERSION = YES;
				CLANG_WARN_OBJC_ROOT_CLASS = YES_ERROR;
				CLANG_WARN_RANGE_LOOP_ANALYSIS = YES;
				CLANG_WARN_STRICT_PROTOTYPES = YES;
				CLANG_WARN_SUSPICIOUS_MOVE = YES;
				CLANG_WARN_UNGUARDED_AVAILABILITY = YES_AGGRESSIVE;
				CLANG_WARN_UNREACHABLE_CODE = YES;
				CLANG_WARN__DUPLICATE_METHOD_MATCH = YES;
				CODE_SIGN_IDENTITY = "iPhone Developer";
				COPY_PHASE_STRIP = NO;
				DEBUG_INFORMATION_FORMAT = dwarf;
				ENABLE_STRICT_OBJC_MSGSEND = YES;
				ENABLE_TESTABILITY = YES;
				GCC_C_LANGUAGE_STANDARD = gnu11;
				GCC_DYNAMIC_NO_PIC = NO;
				GCC_NO_COMMON_BLOCKS = YES;
				GCC_OPTIMIZATION_LEVEL = 0;
				GCC_PREPROCESSOR_DEFINITIONS = (
					"DEBUG=1",
					"$(inherited)",
				);
				GCC_WARN_64_TO_32_BIT_CONVERSION = YES;
				GCC_WARN_ABOUT_RETURN_TYPE = YES_ERROR;
				GCC_WARN_UNDECLARED_SELECTOR = YES;
				GCC_WARN_UNINITIALIZED_AUTOS = YES_AGGRESSIVE;
				GCC_WARN_UNUSED_FUNCTION = YES;
				GCC_WARN_UNUSED_VARIABLE = YES;
				IPHONEOS_DEPLOYMENT_TARGET = 11.2;
				MTL_ENABLE_DEBUG_INFO = YES;
				ONLY_ACTIVE_ARCH = YES;
				SDKROOT = iphoneos;
				SWIFT_ACTIVE_COMPILATION_CONDITIONS = DEBUG;
				SWIFT_OPTIMIZATION_LEVEL = "-Onone";
			};
			name = Debug;
		};
		3AD7149620816A2700BF1A3F /* Release */ = {
			isa = XCBuildConfiguration;
			buildSettings = {
				ALWAYS_SEARCH_USER_PATHS = NO;
				CLANG_ANALYZER_NONNULL = YES;
				CLANG_ANALYZER_NUMBER_OBJECT_CONVERSION = YES_AGGRESSIVE;
				CLANG_CXX_LANGUAGE_STANDARD = "gnu++14";
				CLANG_CXX_LIBRARY = "libc++";
				CLANG_ENABLE_MODULES = YES;
				CLANG_ENABLE_OBJC_ARC = YES;
				CLANG_WARN_BLOCK_CAPTURE_AUTORELEASING = YES;
				CLANG_WARN_BOOL_CONVERSION = YES;
				CLANG_WARN_COMMA = YES;
				CLANG_WARN_CONSTANT_CONVERSION = YES;
				CLANG_WARN_DIRECT_OBJC_ISA_USAGE = YES_ERROR;
				CLANG_WARN_DOCUMENTATION_COMMENTS = YES;
				CLANG_WARN_EMPTY_BODY = YES;
				CLANG_WARN_ENUM_CONVERSION = YES;
				CLANG_WARN_INFINITE_RECURSION = YES;
				CLANG_WARN_INT_CONVERSION = YES;
				CLANG_WARN_NON_LITERAL_NULL_CONVERSION = YES;
				CLANG_WARN_OBJC_LITERAL_CONVERSION = YES;
				CLANG_WARN_OBJC_ROOT_CLASS = YES_ERROR;
				CLANG_WARN_RANGE_LOOP_ANALYSIS = YES;
				CLANG_WARN_STRICT_PROTOTYPES = YES;
				CLANG_WARN_SUSPICIOUS_MOVE = YES;
				CLANG_WARN_UNGUARDED_AVAILABILITY = YES_AGGRESSIVE;
				CLANG_WARN_UNREACHABLE_CODE = YES;
				CLANG_WARN__DUPLICATE_METHOD_MATCH = YES;
				CODE_SIGN_IDENTITY = "iPhone Developer";
				COPY_PHASE_STRIP = NO;
				DEBUG_INFORMATION_FORMAT = "dwarf-with-dsym";
				ENABLE_NS_ASSERTIONS = NO;
				ENABLE_STRICT_OBJC_MSGSEND = YES;
				GCC_C_LANGUAGE_STANDARD = gnu11;
				GCC_NO_COMMON_BLOCKS = YES;
				GCC_WARN_64_TO_32_BIT_CONVERSION = YES;
				GCC_WARN_ABOUT_RETURN_TYPE = YES_ERROR;
				GCC_WARN_UNDECLARED_SELECTOR = YES;
				GCC_WARN_UNINITIALIZED_AUTOS = YES_AGGRESSIVE;
				GCC_WARN_UNUSED_FUNCTION = YES;
				GCC_WARN_UNUSED_VARIABLE = YES;
				IPHONEOS_DEPLOYMENT_TARGET = 11.2;
				MTL_ENABLE_DEBUG_INFO = NO;
				SDKROOT = iphoneos;
				SWIFT_OPTIMIZATION_LEVEL = "-Owholemodule";
				VALIDATE_PRODUCT = YES;
			};
			name = Release;
		};
		3AD7149820816A2700BF1A3F /* Debug */ = {
			isa = XCBuildConfiguration;
			baseConfigurationReference = A0E806F19B4824ED24853AE1 /* Pods-evys.debug.xcconfig */;
			buildSettings = {
				ASSETCATALOG_COMPILER_APPICON_NAME = AppIcon;
				CODE_SIGN_ENTITLEMENTS = evys/evys.entitlements;
				CODE_SIGN_STYLE = Automatic;
				DEVELOPMENT_TEAM = J75A93F8LK;
				INFOPLIST_FILE = evys/Info.plist;
				LD_RUNPATH_SEARCH_PATHS = "$(inherited) @executable_path/Frameworks";
				PRODUCT_BUNDLE_IDENTIFIER = ru.evys.mobile;
				PRODUCT_NAME = "$(TARGET_NAME)";
				SWIFT_VERSION = 4.0;
				TARGETED_DEVICE_FAMILY = "1,2";
			};
			name = Debug;
		};
		3AD7149920816A2700BF1A3F /* Release */ = {
			isa = XCBuildConfiguration;
			baseConfigurationReference = 3E1773824D74F1A2A53E00BC /* Pods-evys.release.xcconfig */;
			buildSettings = {
				ASSETCATALOG_COMPILER_APPICON_NAME = AppIcon;
				CODE_SIGN_ENTITLEMENTS = evys/evys.entitlements;
				CODE_SIGN_STYLE = Automatic;
				DEVELOPMENT_TEAM = J75A93F8LK;
				INFOPLIST_FILE = evys/Info.plist;
				LD_RUNPATH_SEARCH_PATHS = "$(inherited) @executable_path/Frameworks";
				PRODUCT_BUNDLE_IDENTIFIER = ru.evys.mobile;
				PRODUCT_NAME = "$(TARGET_NAME)";
				SWIFT_VERSION = 4.0;
				TARGETED_DEVICE_FAMILY = "1,2";
			};
			name = Release;
		};
/* End XCBuildConfiguration section */

/* Begin XCConfigurationList section */
		3AD7148020816A2700BF1A3F /* Build configuration list for PBXProject "evys" */ = {
			isa = XCConfigurationList;
			buildConfigurations = (
				3AD7149520816A2700BF1A3F /* Debug */,
				3AD7149620816A2700BF1A3F /* Release */,
			);
			defaultConfigurationIsVisible = 0;
			defaultConfigurationName = Release;
		};
		3AD7149720816A2700BF1A3F /* Build configuration list for PBXNativeTarget "evys" */ = {
			isa = XCConfigurationList;
			buildConfigurations = (
				3AD7149820816A2700BF1A3F /* Debug */,
				3AD7149920816A2700BF1A3F /* Release */,
			);
			defaultConfigurationIsVisible = 0;
			defaultConfigurationName = Release;
		};
/* End XCConfigurationList section */
	};
	rootObject = 3AD7147D20816A2700BF1A3F /* Project object */;
}
